
Microsoft Visual Studio Solution File, Format Version 12.00
# Visual Studio Version 17
VisualStudioVersion = 17.12.35527.113
MinimumVisualStudioVersion = 10.0.40219.1
Project("{8BC9CEB8-8B4A-11D0-8D11-00A0C91BC942}") = "Engine", "Engine\Engine.vcxproj", "{E660BA2B-F4D1-42C1-957A-D53F718629AE}"
EndProject
Project("{8BC9CEB8-8B4A-11D0-8D11-00A0C91BC942}") = "Application", "Application\Application.vcxproj", "{E87E828E-5DFF-49ED-B582-55C5BAA421B3}"
EndProject
Global
	GlobalSection(SolutionConfigurationPlatforms) = preSolution
		Debug|x64 = Debug|x64
		Release|x64 = Release|x64
	EndGlobalSection
	GlobalSection(ProjectConfigurationPlatforms) = postSolution
		{E660BA2B-F4D1-42C1-957A-D53F718629AE}.Debug|x64.ActiveCfg = Debug|x64
		{E660BA2B-F4D1-42C1-957A-D53F718629AE}.Debug|x64.Build.0 = Debug|x64
		{E660BA2B-F4D1-42C1-957A-D53F718629AE}.Release|x64.ActiveCfg = Release|x64
		{E660BA2B-F4D1-42C1-957A-D53F718629AE}.Release|x64.Build.0 = Release|x64
		{E87E828E-5DFF-49ED-B582-55C5BAA421B3}.Debug|x64.ActiveCfg = Debug|x64
		{E87E828E-5DFF-49ED-B582-55C5BAA421B3}.Debug|x64.Build.0 = Debug|x64
		{E87E828E-5DFF-49ED-B582-55C5BAA421B3}.Release|x64.ActiveCfg = Release|x64
		{E87E828E-5DFF-49ED-B582-55C5BAA421B3}.Release|x64.Build.0 = Release|x64
	EndGlobalSection
	GlobalSection(SolutionProperties) = preSolution
		HideSolutionNode = FALSE
	EndGlobalSection
	GlobalSection(ExtensibilityGlobals) = postSolution
		SolutionGuid = {F446558D-656A-4F74-85BE-9321A26C7277}
	EndGlobalSection
EndGlobal
